
Microsoft Visual Studio Solution File, Format Version 12.00
# Visual Studio 2013
VisualStudioVersion = 12.0.21005.1
MinimumVisualStudioVersion = 10.0.40219.1
Project("{FAE04EC0-301F-11D3-BF4B-00C04F79EFBC}") = "01_Point", "01_Point\01_Point.csproj", "{1C44B902-E992-413D-AB48-7FFB12570CFF}"
EndProject
Project("{FAE04EC0-301F-11D3-BF4B-00C04F79EFBC}") = "Geometry", "Geometry\Geometry.csproj", "{3CC40051-78AD-4531-986A-66676918ADEE}"
EndProject
Global
	GlobalSection(SolutionConfigurationPlatforms) = preSolution
		Debug|Any CPU = Debug|Any CPU
		Release|Any CPU = Release|Any CPU
	EndGlobalSection
	GlobalSection(ProjectConfigurationPlatforms) = postSolution
		{1C44B902-E992-413D-AB48-7FFB12570CFF}.Debug|Any CPU.ActiveCfg = Debug|Any CPU
		{1C44B902-E992-413D-AB48-7FFB12570CFF}.Debug|Any CPU.Build.0 = Debug|Any CPU
		{1C44B902-E992-413D-AB48-7FFB12570CFF}.Release|Any CPU.ActiveCfg = Release|Any CPU
		{1C44B902-E992-413D-AB48-7FFB12570CFF}.Release|Any CPU.Build.0 = Release|Any CPU
		{3CC40051-78AD-4531-986A-66676918ADEE}.Debug|Any CPU.ActiveCfg = Debug|Any CPU
		{3CC40051-78AD-4531-986A-66676918ADEE}.Debug|Any CPU.Build.0 = Debug|Any CPU
		{3CC40051-78AD-4531-986A-66676918ADEE}.Release|Any CPU.ActiveCfg = Release|Any CPU
		{3CC40051-78AD-4531-986A-66676918ADEE}.Release|Any CPU.Build.0 = Release|Any CPU
	EndGlobalSection
	GlobalSection(SolutionProperties) = preSolution
		HideSolutionNode = FALSE
	EndGlobalSection
EndGlobal
