
Microsoft Visual Studio Solution File, Format Version 12.00
# Visual Studio 2013
VisualStudioVersion = 12.0.21005.1
MinimumVisualStudioVersion = 10.0.40219.1
Project("{FAE04EC0-301F-11D3-BF4B-00C04F79EFBC}") = "Shapes", "Shapes\Shapes.csproj", "{AB98E721-F683-4E57-947C-1A60A1DFF51B}"
EndProject
Project("{FAE04EC0-301F-11D3-BF4B-00C04F79EFBC}") = "BankSystem", "BankSystem\BankSystem.csproj", "{1ADF2D9D-3BF3-4A93-A04D-34B717F4161C}"
EndProject
Global
	GlobalSection(SolutionConfigurationPlatforms) = preSolution
		Debug|Any CPU = Debug|Any CPU
		Release|Any CPU = Release|Any CPU
	EndGlobalSection
	GlobalSection(ProjectConfigurationPlatforms) = postSolution
		{AB98E721-F683-4E57-947C-1A60A1DFF51B}.Debug|Any CPU.ActiveCfg = Debug|Any CPU
		{AB98E721-F683-4E57-947C-1A60A1DFF51B}.Debug|Any CPU.Build.0 = Debug|Any CPU
		{AB98E721-F683-4E57-947C-1A60A1DFF51B}.Release|Any CPU.ActiveCfg = Release|Any CPU
		{AB98E721-F683-4E57-947C-1A60A1DFF51B}.Release|Any CPU.Build.0 = Release|Any CPU
		{1ADF2D9D-3BF3-4A93-A04D-34B717F4161C}.Debug|Any CPU.ActiveCfg = Debug|Any CPU
		{1ADF2D9D-3BF3-4A93-A04D-34B717F4161C}.Debug|Any CPU.Build.0 = Debug|Any CPU
		{1ADF2D9D-3BF3-4A93-A04D-34B717F4161C}.Release|Any CPU.ActiveCfg = Release|Any CPU
		{1ADF2D9D-3BF3-4A93-A04D-34B717F4161C}.Release|Any CPU.Build.0 = Release|Any CPU
	EndGlobalSection
	GlobalSection(SolutionProperties) = preSolution
		HideSolutionNode = FALSE
	EndGlobalSection
EndGlobal
